{
  "name": "retrieve-loader-test-data",
  "version": "1.0.0",
  "lockfileVersion": 2,
  "requires": true,
  "packages": {
    "": {
      "version": "1.0.0",
      "license": "ISC",
      "dependencies": {
        "axios": "^0.21.1",
        "dotenv": "^10.0.0",
        "json-2-csv": "^3.14.1"
      }
    },
    "node_modules/axios": {
      "version": "0.21.1",
      "resolved": "https://registry.npmjs.org/axios/-/axios-0.21.1.tgz",
      "integrity": "sha512-dKQiRHxGD9PPRIUNIWvZhPTPpl1rf/OxTYKsqKUDjBwYylTvV7SjSHJb9ratfyzM6wCdLCOYLzs73qpg5c4iGA==",
      "dependencies": {
        "follow-redirects": "^1.10.0"
      }
    },
    "node_modules/deeks": {
      "version": "2.4.1",
      "resolved": "https://registry.npmjs.org/deeks/-/deeks-2.4.1.tgz",
      "integrity": "sha512-18Zd9f6dqyAFDoPttDdD8w5u7xy9M1IoxhpSsaatFwI4O+wZyUK+rDtwul4s6iYSfUfZBXPfUbxZrKHDqpEQYA==",
      "engines": {
        "node": ">= 12"
      }
    },
    "node_modules/doc-path": {
      "version": "3.0.1",
      "resolved": "https://registry.npmjs.org/doc-path/-/doc-path-3.0.1.tgz",
      "integrity": "sha512-Z7yrgf71bNXFK7dHqanaJO6QOkDsIemcxQqEyhIVY/Jfcwm8mMmCHV/w7UZyr9NzTFFbo698TFiLc5exfHNvog==",
      "engines": {
        "node": ">=12"
      }
    },
    "node_modules/dotenv": {
      "version": "10.0.0",
      "resolved": "https://registry.npmjs.org/dotenv/-/dotenv-10.0.0.tgz",
      "integrity": "sha512-rlBi9d8jpv9Sf1klPjNfFAuWDjKLwTIJJ/VxtoTwIR6hnZxcEOQCZg2oIL3MWBYw5GpUDKOEnND7LXTbIpQ03Q==",
      "engines": {
        "node": ">=10"
      }
    },
    "node_modules/follow-redirects": {
      "version": "1.14.1",
      "resolved": "https://registry.npmjs.org/follow-redirects/-/follow-redirects-1.14.1.tgz",
      "integrity": "sha512-HWqDgT7ZEkqRzBvc2s64vSZ/hfOceEol3ac/7tKwzuvEyWx3/4UegXh5oBOIotkGsObyk3xznnSRVADBgWSQVg==",
      "funding": [
        {
          "type": "individual",
          "url": "https://github.com/sponsors/RubenVerborgh"
        }
      ],
      "engines": {
        "node": ">=4.0"
      },
      "peerDependenciesMeta": {
        "debug": {
          "optional": true
        }
      }
    },
    "node_modules/json-2-csv": {
      "version": "3.14.1",
      "resolved": "https://registry.npmjs.org/json-2-csv/-/json-2-csv-3.14.1.tgz",
      "integrity": "sha512-Nx84ZyolEOVoft43ztfzmC7fETUo/+6dDlKTLZXPd+hVYHP1YTeE/K6Axx4ipofwywpR6iwMLtKQ9EZwBYWD+A==",
      "dependencies": {
        "deeks": "2.4.1",
        "doc-path": "3.0.1"
      },
      "engines": {
        "node": ">= 12"
      }
    }
  },
  "dependencies": {
    "axios": {
      "version": "0.21.1",
      "resolved": "https://registry.npmjs.org/axios/-/axios-0.21.1.tgz",
      "integrity": "sha512-dKQiRHxGD9PPRIUNIWvZhPTPpl1rf/OxTYKsqKUDjBwYylTvV7SjSHJb9ratfyzM6wCdLCOYLzs73qpg5c4iGA==",
      "requires": {
        "follow-redirects": "^1.10.0"
      }
    },
    "deeks": {
      "version": "2.4.1",
      "resolved": "https://registry.npmjs.org/deeks/-/deeks-2.4.1.tgz",
      "integrity": "sha512-18Zd9f6dqyAFDoPttDdD8w5u7xy9M1IoxhpSsaatFwI4O+wZyUK+rDtwul4s6iYSfUfZBXPfUbxZrKHDqpEQYA=="
    },
    "doc-path": {
      "version": "3.0.1",
      "resolved": "https://registry.npmjs.org/doc-path/-/doc-path-3.0.1.tgz",
      "integrity": "sha512-Z7yrgf71bNXFK7dHqanaJO6QOkDsIemcxQqEyhIVY/Jfcwm8mMmCHV/w7UZyr9NzTFFbo698TFiLc5exfHNvog=="
    },
    "dotenv": {
      "version": "10.0.0",
      "resolved": "https://registry.npmjs.org/dotenv/-/dotenv-10.0.0.tgz",
      "integrity": "sha512-rlBi9d8jpv9Sf1klPjNfFAuWDjKLwTIJJ/VxtoTwIR6hnZxcEOQCZg2oIL3MWBYw5GpUDKOEnND7LXTbIpQ03Q=="
    },
    "follow-redirects": {
      "version": "1.14.1",
      "resolved": "https://registry.npmjs.org/follow-redirects/-/follow-redirects-1.14.1.tgz",
      "integrity": "sha512-HWqDgT7ZEkqRzBvc2s64vSZ/hfOceEol3ac/7tKwzuvEyWx3/4UegXh5oBOIotkGsObyk3xznnSRVADBgWSQVg=="
    },
    "json-2-csv": {
      "version": "3.14.1",
      "resolved": "https://registry.npmjs.org/json-2-csv/-/json-2-csv-3.14.1.tgz",
      "integrity": "sha512-Nx84ZyolEOVoft43ztfzmC7fETUo/+6dDlKTLZXPd+hVYHP1YTeE/K6Axx4ipofwywpR6iwMLtKQ9EZwBYWD+A==",
      "requires": {
        "deeks": "2.4.1",
        "doc-path": "3.0.1"
      }
    }
  }
}
